
Microsoft Visual Studio Solution File, Format Version 12.00
# Visual Studio Version 17
VisualStudioVersion = 17.9.34728.123
MinimumVisualStudioVersion = 10.0.40219.1
Project("{FAE04EC0-301F-11D3-BF4B-00C04F79EFBC}") = "EntityOrnek", "EntityOrnek\EntityOrnek.csproj", "{2CF260DC-68F4-47E8-BC3A-B4C4FE366D8E}"
EndProject
Global
	GlobalSection(SolutionConfigurationPlatforms) = preSolution
		Debug|Any CPU = Debug|Any CPU
		Release|Any CPU = Release|Any CPU
	EndGlobalSection
	GlobalSection(ProjectConfigurationPlatforms) = postSolution
		{2CF260DC-68F4-47E8-BC3A-B4C4FE366D8E}.Debug|Any CPU.ActiveCfg = Debug|Any CPU
		{2CF260DC-68F4-47E8-BC3A-B4C4FE366D8E}.Debug|Any CPU.Build.0 = Debug|Any CPU
		{2CF260DC-68F4-47E8-BC3A-B4C4FE366D8E}.Release|Any CPU.ActiveCfg = Release|Any CPU
		{2CF260DC-68F4-47E8-BC3A-B4C4FE366D8E}.Release|Any CPU.Build.0 = Release|Any CPU
	EndGlobalSection
	GlobalSection(SolutionProperties) = preSolution
		HideSolutionNode = FALSE
	EndGlobalSection
	GlobalSection(ExtensibilityGlobals) = postSolution
		SolutionGuid = {7431AB7F-29A3-4791-860D-1907B272D2E0}
	EndGlobalSection
EndGlobal
